// !$*UTF8*$!
{
	archiveVersion = 1;
	classes = {
	};
	objectVersion = 46;
	objects = {

/* Begin PBXBuildFile section */
		9CF583AF175EA935006EB5E4 /* UIKit.framework in Frameworks */ = {isa = PBXBuildFile; fileRef = 9CF583AE175EA935006EB5E4 /* UIKit.framework */; };
		9CF583B1175EA935006EB5E4 /* Foundation.framework in Frameworks */ = {isa = PBXBuildFile; fileRef = 9CF583B0175EA935006EB5E4 /* Foundation.framework */; };
		9CF583B3175EA935006EB5E4 /* CoreGraphics.framework in Frameworks */ = {isa = PBXBuildFile; fileRef = 9CF583B2175EA935006EB5E4 /* CoreGraphics.framework */; };
		9CF583B9175EA935006EB5E4 /* InfoPlist.strings in Resources */ = {isa = PBXBuildFile; fileRef = 9CF583B7175EA935006EB5E4 /* InfoPlist.strings */; };
		9CF583BB175EA935006EB5E4 /* main.m in Sources */ = {isa = PBXBuildFile; fileRef = 9CF583BA175EA935006EB5E4 /* main.m */; };
		9CF583BF175EA935006EB5E4 /* AppDelegate.m in Sources */ = {isa = PBXBuildFile; fileRef = 9CF583BE175EA935006EB5E4 /* AppDelegate.m */; };
		9CF583C1175EA935006EB5E4 /* Default.png in Resources */ = {isa = PBXBuildFile; fileRef = 9CF583C0175EA935006EB5E4 /* Default.png */; };
		9CF583C3175EA935006EB5E4 /* Default@2x.png in Resources */ = {isa = PBXBuildFile; fileRef = 9CF583C2175EA935006EB5E4 /* Default@2x.png */; };
		9CF583C5175EA935006EB5E4 /* Default-568h@2x.png in Resources */ = {isa = PBXBuildFile; fileRef = 9CF583C4175EA935006EB5E4 /* Default-568h@2x.png */; };
		9CF583C8175EA935006EB5E4 /* MainStoryboard.storyboard in Resources */ = {isa = PBXBuildFile; fileRef = 9CF583C6175EA935006EB5E4 /* MainStoryboard.storyboard */; };
		9CF583D3175EA9D9006EB5E4 /* ViewController.m in Sources */ = {isa = PBXBuildFile; fileRef = 9CF583D2175EA9D9006EB5E4 /* ViewController.m */; };
		9CF583D5175EAA1A006EB5E4 /* CoreLocation.framework in Frameworks */ = {isa = PBXBuildFile; fileRef = 9CF583D4175EAA1A006EB5E4 /* CoreLocation.framework */; };
		9CF583D7175EAA21006EB5E4 /* CoreData.framework in Frameworks */ = {isa = PBXBuildFile; fileRef = 9CF583D6175EAA21006EB5E4 /* CoreData.framework */; };
		9CF583E5175EADBB006EB5E4 /* Foursquare2.m in Sources */ = {isa = PBXBuildFile; fileRef = 9CF583D9175EADBB006EB5E4 /* Foursquare2.m */; };
		9CF583E6175EADBB006EB5E4 /* FSRequester.m in Sources */ = {isa = PBXBuildFile; fileRef = 9CF583DB175EADBB006EB5E4 /* FSRequester.m */; };
		9CF583E7175EADBB006EB5E4 /* FSTargetCallback.m in Sources */ = {isa = PBXBuildFile; fileRef = 9CF583DD175EADBB006EB5E4 /* FSTargetCallback.m */; };
		9CF583E8175EADBB006EB5E4 /* FSWebLogin.m in Sources */ = {isa = PBXBuildFile; fileRef = 9CF583DF175EADBB006EB5E4 /* FSWebLogin.m */; };
		9CF583E9175EADBB006EB5E4 /* FSWebLogin.xib in Resources */ = {isa = PBXBuildFile; fileRef = 9CF583E0175EADBB006EB5E4 /* FSWebLogin.xib */; };
		9CF583EA175EADBB006EB5E4 /* pin.png in Resources */ = {isa = PBXBuildFile; fileRef = 9CF583E1175EADBB006EB5E4 /* pin.png */; };
		9CF583EB175EADBB006EB5E4 /* pin@2x.png in Resources */ = {isa = PBXBuildFile; fileRef = 9CF583E2175EADBB006EB5E4 /* pin@2x.png */; };
		9CF583EC175EADBB006EB5E4 /* poweredByFoursquare_gray.png in Resources */ = {isa = PBXBuildFile; fileRef = 9CF583E3175EADBB006EB5E4 /* poweredByFoursquare_gray.png */; };
		9CF583ED175EADBB006EB5E4 /* poweredByFoursquare_gray@2x.png in Resources */ = {isa = PBXBuildFile; fileRef = 9CF583E4175EADBB006EB5E4 /* poweredByFoursquare_gray@2x.png */; };
		9CF583F1175EB0CF006EB5E4 /* FoodCore.xcdatamodeld in Sources */ = {isa = PBXBuildFile; fileRef = 9CF583EF175EB0CF006EB5E4 /* FoodCore.xcdatamodeld */; };
		9CF583F4175EB3B0006EB5E4 /* Venue.m in Sources */ = {isa = PBXBuildFile; fileRef = 9CF583F3175EB3B0006EB5E4 /* Venue.m */; };
		9CF583F7175EB3B1006EB5E4 /* Category.m in Sources */ = {isa = PBXBuildFile; fileRef = 9CF583F6175EB3B1006EB5E4 /* Category.m */; };
/* End PBXBuildFile section */

/* Begin PBXFileReference section */
		9CF583AB175EA935006EB5E4 /* FoodCore.app */ = {isa = PBXFileReference; explicitFileType = wrapper.application; includeInIndex = 0; path = FoodCore.app; sourceTree = BUILT_PRODUCTS_DIR; };
		9CF583AE175EA935006EB5E4 /* UIKit.framework */ = {isa = PBXFileReference; lastKnownFileType = wrapper.framework; name = UIKit.framework; path = System/Library/Frameworks/UIKit.framework; sourceTree = SDKROOT; };
		9CF583B0175EA935006EB5E4 /* Foundation.framework */ = {isa = PBXFileReference; lastKnownFileType = wrapper.framework; name = Foundation.framework; path = System/Library/Frameworks/Foundation.framework; sourceTree = SDKROOT; };
		9CF583B2175EA935006EB5E4 /* CoreGraphics.framework */ = {isa = PBXFileReference; lastKnownFileType = wrapper.framework; name = CoreGraphics.framework; path = System/Library/Frameworks/CoreGraphics.framework; sourceTree = SDKROOT; };
		9CF583B6175EA935006EB5E4 /* FoodCore-Info.plist */ = {isa = PBXFileReference; lastKnownFileType = text.plist.xml; path = "FoodCore-Info.plist"; sourceTree = "<group>"; };
		9CF583B8175EA935006EB5E4 /* en */ = {isa = PBXFileReference; lastKnownFileType = text.plist.strings; name = en; path = en.lproj/InfoPlist.strings; sourceTree = "<group>"; };
		9CF583BA175EA935006EB5E4 /* main.m */ = {isa = PBXFileReference; lastKnownFileType = sourcecode.c.objc; path = main.m; sourceTree = "<group>"; };
		9CF583BC175EA935006EB5E4 /* FoodCore-Prefix.pch */ = {isa = PBXFileReference; lastKnownFileType = sourcecode.c.h; path = "FoodCore-Prefix.pch"; sourceTree = "<group>"; };
		9CF583BD175EA935006EB5E4 /* AppDelegate.h */ = {isa = PBXFileReference; lastKnownFileType = sourcecode.c.h; path = AppDelegate.h; sourceTree = "<group>"; };
		9CF583BE175EA935006EB5E4 /* AppDelegate.m */ = {isa = PBXFileReference; lastKnownFileType = sourcecode.c.objc; path = AppDelegate.m; sourceTree = "<group>"; };
		9CF583C0175EA935006EB5E4 /* Default.png */ = {isa = PBXFileReference; lastKnownFileType = image.png; path = Default.png; sourceTree = "<group>"; };
		9CF583C2175EA935006EB5E4 /* Default@2x.png */ = {isa = PBXFileReference; lastKnownFileType = image.png; path = "Default@2x.png"; sourceTree = "<group>"; };
		9CF583C4175EA935006EB5E4 /* Default-568h@2x.png */ = {isa = PBXFileReference; lastKnownFileType = image.png; path = "Default-568h@2x.png"; sourceTree = "<group>"; };
		9CF583C7175EA935006EB5E4 /* en */ = {isa = PBXFileReference; lastKnownFileType = file.storyboard; name = en; path = en.lproj/MainStoryboard.storyboard; sourceTree = "<group>"; };
		9CF583D1175EA9D9006EB5E4 /* ViewController.h */ = {isa = PBXFileReference; fileEncoding = 4; lastKnownFileType = sourcecode.c.h; path = ViewController.h; sourceTree = "<group>"; };
		9CF583D2175EA9D9006EB5E4 /* ViewController.m */ = {isa = PBXFileReference; fileEncoding = 4; lastKnownFileType = sourcecode.c.objc; path = ViewController.m; sourceTree = "<group>"; };
		9CF583D4175EAA1A006EB5E4 /* CoreLocation.framework */ = {isa = PBXFileReference; lastKnownFileType = wrapper.framework; name = CoreLocation.framework; path = System/Library/Frameworks/CoreLocation.framework; sourceTree = SDKROOT; };
		9CF583D6175EAA21006EB5E4 /* CoreData.framework */ = {isa = PBXFileReference; lastKnownFileType = wrapper.framework; name = CoreData.framework; path = System/Library/Frameworks/CoreData.framework; sourceTree = SDKROOT; };
		9CF583D8175EADBB006EB5E4 /* Foursquare2.h */ = {isa = PBXFileReference; fileEncoding = 4; lastKnownFileType = sourcecode.c.h; path = Foursquare2.h; sourceTree = "<group>"; };
		9CF583D9175EADBB006EB5E4 /* Foursquare2.m */ = {isa = PBXFileReference; fileEncoding = 4; lastKnownFileType = sourcecode.c.objc; path = Foursquare2.m; sourceTree = "<group>"; };
		9CF583DA175EADBB006EB5E4 /* FSRequester.h */ = {isa = PBXFileReference; fileEncoding = 4; lastKnownFileType = sourcecode.c.h; path = FSRequester.h; sourceTree = "<group>"; };
		9CF583DB175EADBB006EB5E4 /* FSRequester.m */ = {isa = PBXFileReference; fileEncoding = 4; lastKnownFileType = sourcecode.c.objc; path = FSRequester.m; sourceTree = "<group>"; };
		9CF583DC175EADBB006EB5E4 /* FSTargetCallback.h */ = {isa = PBXFileReference; fileEncoding = 4; lastKnownFileType = sourcecode.c.h; path = FSTargetCallback.h; sourceTree = "<group>"; };
		9CF583DD175EADBB006EB5E4 /* FSTargetCallback.m */ = {isa = PBXFileReference; fileEncoding = 4; lastKnownFileType = sourcecode.c.objc; path = FSTargetCallback.m; sourceTree = "<group>"; };
		9CF583DE175EADBB006EB5E4 /* FSWebLogin.h */ = {isa = PBXFileReference; fileEncoding = 4; lastKnownFileType = sourcecode.c.h; path = FSWebLogin.h; sourceTree = "<group>"; };
		9CF583DF175EADBB006EB5E4 /* FSWebLogin.m */ = {isa = PBXFileReference; fileEncoding = 4; lastKnownFileType = sourcecode.c.objc; path = FSWebLogin.m; sourceTree = "<group>"; };
		9CF583E0175EADBB006EB5E4 /* FSWebLogin.xib */ = {isa = PBXFileReference; fileEncoding = 4; lastKnownFileType = file.xib; path = FSWebLogin.xib; sourceTree = "<group>"; };
		9CF583E1175EADBB006EB5E4 /* pin.png */ = {isa = PBXFileReference; lastKnownFileType = image.png; path = pin.png; sourceTree = "<group>"; };
		9CF583E2175EADBB006EB5E4 /* pin@2x.png */ = {isa = PBXFileReference; lastKnownFileType = image.png; path = "pin@2x.png"; sourceTree = "<group>"; };
		9CF583E3175EADBB006EB5E4 /* poweredByFoursquare_gray.png */ = {isa = PBXFileReference; lastKnownFileType = image.png; path = poweredByFoursquare_gray.png; sourceTree = "<group>"; };
		9CF583E4175EADBB006EB5E4 /* poweredByFoursquare_gray@2x.png */ = {isa = PBXFileReference; lastKnownFileType = image.png; path = "poweredByFoursquare_gray@2x.png"; sourceTree = "<group>"; };
		9CF583F0175EB0CF006EB5E4 /* FoodCore.xcdatamodel */ = {isa = PBXFileReference; lastKnownFileType = wrapper.xcdatamodel; path = FoodCore.xcdatamodel; sourceTree = "<group>"; };
		9CF583F2175EB3B0006EB5E4 /* Venue.h */ = {isa = PBXFileReference; fileEncoding = 4; lastKnownFileType = sourcecode.c.h; path = Venue.h; sourceTree = "<group>"; };
		9CF583F3175EB3B0006EB5E4 /* Venue.m */ = {isa = PBXFileReference; fileEncoding = 4; lastKnownFileType = sourcecode.c.objc; path = Venue.m; sourceTree = "<group>"; };
		9CF583F5175EB3B1006EB5E4 /* Category.h */ = {isa = PBXFileReference; fileEncoding = 4; lastKnownFileType = sourcecode.c.h; path = Category.h; sourceTree = "<group>"; };
		9CF583F6175EB3B1006EB5E4 /* Category.m */ = {isa = PBXFileReference; fileEncoding = 4; lastKnownFileType = sourcecode.c.objc; path = Category.m; sourceTree = "<group>"; };
/* End PBXFileReference section */

/* Begin PBXFrameworksBuildPhase section */
		9CF583A8175EA935006EB5E4 /* Frameworks */ = {
			isa = PBXFrameworksBuildPhase;
			buildActionMask = 2147483647;
			files = (
				9CF583D7175EAA21006EB5E4 /* CoreData.framework in Frameworks */,
				9CF583D5175EAA1A006EB5E4 /* CoreLocation.framework in Frameworks */,
				9CF583AF175EA935006EB5E4 /* UIKit.framework in Frameworks */,
				9CF583B1175EA935006EB5E4 /* Foundation.framework in Frameworks */,
				9CF583B3175EA935006EB5E4 /* CoreGraphics.framework in Frameworks */,
			);
			runOnlyForDeploymentPostprocessing = 0;
		};
/* End PBXFrameworksBuildPhase section */

/* Begin PBXGroup section */
		9CF583A2175EA935006EB5E4 = {
			isa = PBXGroup;
			children = (
				9CF583B4175EA935006EB5E4 /* FoodCore */,
				9CF583AD175EA935006EB5E4 /* Frameworks */,
				9CF583AC175EA935006EB5E4 /* Products */,
			);
			sourceTree = "<group>";
		};
		9CF583AC175EA935006EB5E4 /* Products */ = {
			isa = PBXGroup;
			children = (
				9CF583AB175EA935006EB5E4 /* FoodCore.app */,
			);
			name = Products;
			sourceTree = "<group>";
		};
		9CF583AD175EA935006EB5E4 /* Frameworks */ = {
			isa = PBXGroup;
			children = (
				9CF583D6175EAA21006EB5E4 /* CoreData.framework */,
				9CF583D4175EAA1A006EB5E4 /* CoreLocation.framework */,
				9CF583AE175EA935006EB5E4 /* UIKit.framework */,
				9CF583B0175EA935006EB5E4 /* Foundation.framework */,
				9CF583B2175EA935006EB5E4 /* CoreGraphics.framework */,
			);
			name = Frameworks;
			sourceTree = "<group>";
		};
		9CF583B4175EA935006EB5E4 /* FoodCore */ = {
			isa = PBXGroup;
			children = (
				9CF583BD175EA935006EB5E4 /* AppDelegate.h */,
				9CF583BE175EA935006EB5E4 /* AppDelegate.m */,
				9CF583C6175EA935006EB5E4 /* MainStoryboard.storyboard */,
				9CF583F9175EB3E0006EB5E4 /* ViewControllers */,
				9CF583F8175EB3CB006EB5E4 /* Models */,
				9CF583EE175EADC1006EB5E4 /* Foursquare2 */,
				9CF583B5175EA935006EB5E4 /* Supporting Files */,
			);
			path = FoodCore;
			sourceTree = "<group>";
		};
		9CF583B5175EA935006EB5E4 /* Supporting Files */ = {
			isa = PBXGroup;
			children = (
				9CF583B6175EA935006EB5E4 /* FoodCore-Info.plist */,
				9CF583B7175EA935006EB5E4 /* InfoPlist.strings */,
				9CF583BA175EA935006EB5E4 /* main.m */,
				9CF583BC175EA935006EB5E4 /* FoodCore-Prefix.pch */,
				9CF583C0175EA935006EB5E4 /* Default.png */,
				9CF583C2175EA935006EB5E4 /* Default@2x.png */,
				9CF583C4175EA935006EB5E4 /* Default-568h@2x.png */,
			);
			name = "Supporting Files";
			sourceTree = "<group>";
		};
		9CF583EE175EADC1006EB5E4 /* Foursquare2 */ = {
			isa = PBXGroup;
			children = (
				9CF583D8175EADBB006EB5E4 /* Foursquare2.h */,
				9CF583D9175EADBB006EB5E4 /* Foursquare2.m */,
				9CF583DA175EADBB006EB5E4 /* FSRequester.h */,
				9CF583DB175EADBB006EB5E4 /* FSRequester.m */,
				9CF583DC175EADBB006EB5E4 /* FSTargetCallback.h */,
				9CF583DD175EADBB006EB5E4 /* FSTargetCallback.m */,
				9CF583DE175EADBB006EB5E4 /* FSWebLogin.h */,
				9CF583DF175EADBB006EB5E4 /* FSWebLogin.m */,
				9CF583E0175EADBB006EB5E4 /* FSWebLogin.xib */,
				9CF583E1175EADBB006EB5E4 /* pin.png */,
				9CF583E2175EADBB006EB5E4 /* pin@2x.png */,
				9CF583E3175EADBB006EB5E4 /* poweredByFoursquare_gray.png */,
				9CF583E4175EADBB006EB5E4 /* poweredByFoursquare_gray@2x.png */,
			);
			name = Foursquare2;
			sourceTree = "<group>";
		};
		9CF583F8175EB3CB006EB5E4 /* Models */ = {
			isa = PBXGroup;
			children = (
				9CF583EF175EB0CF006EB5E4 /* FoodCore.xcdatamodeld */,
				9CF583F5175EB3B1006EB5E4 /* Category.h */,
				9CF583F6175EB3B1006EB5E4 /* Category.m */,
				9CF583F2175EB3B0006EB5E4 /* Venue.h */,
				9CF583F3175EB3B0006EB5E4 /* Venue.m */,
			);
			name = Models;
			sourceTree = "<group>";
		};
		9CF583F9175EB3E0006EB5E4 /* ViewControllers */ = {
			isa = PBXGroup;
			children = (
				9CF583D1175EA9D9006EB5E4 /* ViewController.h */,
				9CF583D2175EA9D9006EB5E4 /* ViewController.m */,
			);
			name = ViewControllers;
			sourceTree = "<group>";
		};
/* End PBXGroup section */

/* Begin PBXNativeTarget section */
		9CF583AA175EA935006EB5E4 /* FoodCore */ = {
			isa = PBXNativeTarget;
			buildConfigurationList = 9CF583CE175EA935006EB5E4 /* Build configuration list for PBXNativeTarget "FoodCore" */;
			buildPhases = (
				9CF583A7175EA935006EB5E4 /* Sources */,
				9CF583A8175EA935006EB5E4 /* Frameworks */,
				9CF583A9175EA935006EB5E4 /* Resources */,
			);
			buildRules = (
			);
			dependencies = (
			);
			name = FoodCore;
			productName = FoodCore;
			productReference = 9CF583AB175EA935006EB5E4 /* FoodCore.app */;
			productType = "com.apple.product-type.application";
		};
/* End PBXNativeTarget section */

/* Begin PBXProject section */
		9CF583A3175EA935006EB5E4 /* Project object */ = {
			isa = PBXProject;
			attributes = {
				LastUpgradeCheck = 0460;
				ORGANIZATIONNAME = "Natasha Murashev";
			};
			buildConfigurationList = 9CF583A6175EA935006EB5E4 /* Build configuration list for PBXProject "FoodCore" */;
			compatibilityVersion = "Xcode 3.2";
			developmentRegion = English;
			hasScannedForEncodings = 0;
			knownRegions = (
				en,
			);
			mainGroup = 9CF583A2175EA935006EB5E4;
			productRefGroup = 9CF583AC175EA935006EB5E4 /* Products */;
			projectDirPath = "";
			projectRoot = "";
			targets = (
				9CF583AA175EA935006EB5E4 /* FoodCore */,
			);
		};
/* End PBXProject section */

/* Begin PBXResourcesBuildPhase section */
		9CF583A9175EA935006EB5E4 /* Resources */ = {
			isa = PBXResourcesBuildPhase;
			buildActionMask = 2147483647;
			files = (
				9CF583B9175EA935006EB5E4 /* InfoPlist.strings in Resources */,
				9CF583C1175EA935006EB5E4 /* Default.png in Resources */,
				9CF583C3175EA935006EB5E4 /* Default@2x.png in Resources */,
				9CF583C5175EA935006EB5E4 /* Default-568h@2x.png in Resources */,
				9CF583C8175EA935006EB5E4 /* MainStoryboard.storyboard in Resources */,
				9CF583E9175EADBB006EB5E4 /* FSWebLogin.xib in Resources */,
				9CF583EA175EADBB006EB5E4 /* pin.png in Resources */,
				9CF583EB175EADBB006EB5E4 /* pin@2x.png in Resources */,
				9CF583EC175EADBB006EB5E4 /* poweredByFoursquare_gray.png in Resources */,
				9CF583ED175EADBB006EB5E4 /* poweredByFoursquare_gray@2x.png in Resources */,
			);
			runOnlyForDeploymentPostprocessing = 0;
		};
/* End PBXResourcesBuildPhase section */

/* Begin PBXSourcesBuildPhase section */
		9CF583A7175EA935006EB5E4 /* Sources */ = {
			isa = PBXSourcesBuildPhase;
			buildActionMask = 2147483647;
			files = (
				9CF583BB175EA935006EB5E4 /* main.m in Sources */,
				9CF583BF175EA935006EB5E4 /* AppDelegate.m in Sources */,
				9CF583D3175EA9D9006EB5E4 /* ViewController.m in Sources */,
				9CF583E5175EADBB006EB5E4 /* Foursquare2.m in Sources */,
				9CF583E6175EADBB006EB5E4 /* FSRequester.m in Sources */,
				9CF583E7175EADBB006EB5E4 /* FSTargetCallback.m in Sources */,
				9CF583E8175EADBB006EB5E4 /* FSWebLogin.m in Sources */,
				9CF583F1175EB0CF006EB5E4 /* FoodCore.xcdatamodeld in Sources */,
				9CF583F4175EB3B0006EB5E4 /* Venue.m in Sources */,
				9CF583F7175EB3B1006EB5E4 /* Category.m in Sources */,
			);
			runOnlyForDeploymentPostprocessing = 0;
		};
/* End PBXSourcesBuildPhase section */

/* Begin PBXVariantGroup section */
		9CF583B7175EA935006EB5E4 /* InfoPlist.strings */ = {
			isa = PBXVariantGroup;
			children = (
				9CF583B8175EA935006EB5E4 /* en */,
			);
			name = InfoPlist.strings;
			sourceTree = "<group>";
		};
		9CF583C6175EA935006EB5E4 /* MainStoryboard.storyboard */ = {
			isa = PBXVariantGroup;
			children = (
				9CF583C7175EA935006EB5E4 /* en */,
			);
			name = MainStoryboard.storyboard;
			sourceTree = "<group>";
		};
/* End PBXVariantGroup section */

/* Begin XCBuildConfiguration section */
		9CF583CC175EA935006EB5E4 /* Debug */ = {
			isa = XCBuildConfiguration;
			buildSettings = {
				ALWAYS_SEARCH_USER_PATHS = NO;
				CLANG_CXX_LANGUAGE_STANDARD = "gnu++0x";
				CLANG_CXX_LIBRARY = "libc++";
				CLANG_ENABLE_OBJC_ARC = YES;
				CLANG_WARN_CONSTANT_CONVERSION = YES;
				CLANG_WARN_EMPTY_BODY = YES;
				CLANG_WARN_ENUM_CONVERSION = YES;
				CLANG_WARN_INT_CONVERSION = YES;
				CLANG_WARN__DUPLICATE_METHOD_MATCH = YES;
				"CODE_SIGN_IDENTITY[sdk=iphoneos*]" = "iPhone Developer";
				COPY_PHASE_STRIP = NO;
				GCC_C_LANGUAGE_STANDARD = gnu99;
				GCC_DYNAMIC_NO_PIC = NO;
				GCC_OPTIMIZATION_LEVEL = 0;
				GCC_PREPROCESSOR_DEFINITIONS = (
					"DEBUG=1",
					"$(inherited)",
				);
				GCC_SYMBOLS_PRIVATE_EXTERN = NO;
				GCC_WARN_ABOUT_RETURN_TYPE = YES;
				GCC_WARN_UNINITIALIZED_AUTOS = YES;
				GCC_WARN_UNUSED_VARIABLE = YES;
				IPHONEOS_DEPLOYMENT_TARGET = 6.1;
				ONLY_ACTIVE_ARCH = YES;
				SDKROOT = iphoneos;
			};
			name = Debug;
		};
		9CF583CD175EA935006EB5E4 /* Release */ = {
			isa = XCBuildConfiguration;
			buildSettings = {
				ALWAYS_SEARCH_USER_PATHS = NO;
				CLANG_CXX_LANGUAGE_STANDARD = "gnu++0x";
				CLANG_CXX_LIBRARY = "libc++";
				CLANG_ENABLE_OBJC_ARC = YES;
				CLANG_WARN_CONSTANT_CONVERSION = YES;
				CLANG_WARN_EMPTY_BODY = YES;
				CLANG_WARN_ENUM_CONVERSION = YES;
				CLANG_WARN_INT_CONVERSION = YES;
				CLANG_WARN__DUPLICATE_METHOD_MATCH = YES;
				"CODE_SIGN_IDENTITY[sdk=iphoneos*]" = "iPhone Developer";
				COPY_PHASE_STRIP = YES;
				GCC_C_LANGUAGE_STANDARD = gnu99;
				GCC_WARN_ABOUT_RETURN_TYPE = YES;
				GCC_WARN_UNINITIALIZED_AUTOS = YES;
				GCC_WARN_UNUSED_VARIABLE = YES;
				IPHONEOS_DEPLOYMENT_TARGET = 6.1;
				OTHER_CFLAGS = "-DNS_BLOCK_ASSERTIONS=1";
				SDKROOT = iphoneos;
				VALIDATE_PRODUCT = YES;
			};
			name = Release;
		};
		9CF583CF175EA935006EB5E4 /* Debug */ = {
			isa = XCBuildConfiguration;
			buildSettings = {
				GCC_PRECOMPILE_PREFIX_HEADER = YES;
				GCC_PREFIX_HEADER = "FoodCore/FoodCore-Prefix.pch";
				INFOPLIST_FILE = "FoodCore/FoodCore-Info.plist";
				PRODUCT_NAME = "$(TARGET_NAME)";
				WRAPPER_EXTENSION = app;
			};
			name = Debug;
		};
		9CF583D0175EA935006EB5E4 /* Release */ = {
			isa = XCBuildConfiguration;
			buildSettings = {
				GCC_PRECOMPILE_PREFIX_HEADER = YES;
				GCC_PREFIX_HEADER = "FoodCore/FoodCore-Prefix.pch";
				INFOPLIST_FILE = "FoodCore/FoodCore-Info.plist";
				PRODUCT_NAME = "$(TARGET_NAME)";
				WRAPPER_EXTENSION = app;
			};
			name = Release;
		};
/* End XCBuildConfiguration section */

/* Begin XCConfigurationList section */
		9CF583A6175EA935006EB5E4 /* Build configuration list for PBXProject "FoodCore" */ = {
			isa = XCConfigurationList;
			buildConfigurations = (
				9CF583CC175EA935006EB5E4 /* Debug */,
				9CF583CD175EA935006EB5E4 /* Release */,
			);
			defaultConfigurationIsVisible = 0;
			defaultConfigurationName = Release;
		};
		9CF583CE175EA935006EB5E4 /* Build configuration list for PBXNativeTarget "FoodCore" */ = {
			isa = XCConfigurationList;
			buildConfigurations = (
				9CF583CF175EA935006EB5E4 /* Debug */,
				9CF583D0175EA935006EB5E4 /* Release */,
			);
			defaultConfigurationIsVisible = 0;
		};
/* End XCConfigurationList section */

/* Begin XCVersionGroup section */
		9CF583EF175EB0CF006EB5E4 /* FoodCore.xcdatamodeld */ = {
			isa = XCVersionGroup;
			children = (
				9CF583F0175EB0CF006EB5E4 /* FoodCore.xcdatamodel */,
			);
			currentVersion = 9CF583F0175EB0CF006EB5E4 /* FoodCore.xcdatamodel */;
			path = FoodCore.xcdatamodeld;
			sourceTree = "<group>";
			versionGroupType = wrapper.xcdatamodel;
		};
/* End XCVersionGroup section */
	};
	rootObject = 9CF583A3175EA935006EB5E4 /* Project object */;
}
